
Microsoft Visual Studio Solution File, Format Version 12.00
# Visual Studio 15
Project("{FAE04EC0-301F-11D3-BF4B-00C04F79EFBC}") = "Assembly-CSharp", "Assembly-CSharp.csproj", "{B46B6FD5-6E23-D037-5E6B-80F7082F813B}"
EndProject
Global
	GlobalSection(SolutionConfigurationPlatforms) = preSolution
		Debug|Any CPU = Debug|Any CPU
		Release|Any CPU = Release|Any CPU
	EndGlobalSection
	GlobalSection(ProjectConfigurationPlatforms) = postSolution
		{B46B6FD5-6E23-D037-5E6B-80F7082F813B}.Debug|Any CPU.ActiveCfg = Debug|Any CPU
		{B46B6FD5-6E23-D037-5E6B-80F7082F813B}.Debug|Any CPU.Build.0 = Debug|Any CPU
		{B46B6FD5-6E23-D037-5E6B-80F7082F813B}.Release|Any CPU.ActiveCfg = Release|Any CPU
		{B46B6FD5-6E23-D037-5E6B-80F7082F813B}.Release|Any CPU.Build.0 = Release|Any CPU
	EndGlobalSection
	GlobalSection(SolutionProperties) = preSolution
		HideSolutionNode = FALSE
	EndGlobalSection
EndGlobal
